
Microsoft Visual Studio Solution File, Format Version 12.00
# Visual Studio 15
VisualStudioVersion = 15.0.28307.902
MinimumVisualStudioVersion = 10.0.40219.1
Project("{FAE04EC0-301F-11D3-BF4B-00C04F79EFBC}") = "StroitTrass", "StroitTrass.csproj", "{74F15F8A-A818-4790-96C7-760BC5EA724D}"
EndProject
Global
	GlobalSection(SolutionConfigurationPlatforms) = preSolution
		Debug|Any CPU = Debug|Any CPU
		Release|Any CPU = Release|Any CPU
	EndGlobalSection
	GlobalSection(ProjectConfigurationPlatforms) = postSolution
		{74F15F8A-A818-4790-96C7-760BC5EA724D}.Debug|Any CPU.ActiveCfg = Debug|Any CPU
		{74F15F8A-A818-4790-96C7-760BC5EA724D}.Debug|Any CPU.Build.0 = Debug|Any CPU
		{74F15F8A-A818-4790-96C7-760BC5EA724D}.Release|Any CPU.ActiveCfg = Release|Any CPU
		{74F15F8A-A818-4790-96C7-760BC5EA724D}.Release|Any CPU.Build.0 = Release|Any CPU
	EndGlobalSection
	GlobalSection(SolutionProperties) = preSolution
		HideSolutionNode = FALSE
	EndGlobalSection
	GlobalSection(ExtensibilityGlobals) = postSolution
		SolutionGuid = {480DA9BC-E4A2-4889-985E-91C23CAB9BD3}
	EndGlobalSection
EndGlobal
